
Microsoft Visual Studio Solution File, Format Version 12.00
# Visual Studio Version 16
VisualStudioVersion = 16.0.28803.352
MinimumVisualStudioVersion = 10.0.40219.1
Project("{FAE04EC0-301F-11D3-BF4B-00C04F79EFBC}") = "NuclearEnergy", "NuclearEnergy.csproj", "{A801DAEB-25D2-464D-AB95-FB652CC8E370}"
EndProject
Global
	GlobalSection(SolutionConfigurationPlatforms) = preSolution
		Debug|Any CPU = Debug|Any CPU
		Release|Any CPU = Release|Any CPU
	EndGlobalSection
	GlobalSection(ProjectConfigurationPlatforms) = postSolution
		{A801DAEB-25D2-464D-AB95-FB652CC8E370}.Debug|Any CPU.ActiveCfg = Debug|Any CPU
		{A801DAEB-25D2-464D-AB95-FB652CC8E370}.Debug|Any CPU.Build.0 = Debug|Any CPU
		{A801DAEB-25D2-464D-AB95-FB652CC8E370}.Release|Any CPU.ActiveCfg = Release|Any CPU
		{A801DAEB-25D2-464D-AB95-FB652CC8E370}.Release|Any CPU.Build.0 = Release|Any CPU
	EndGlobalSection
	GlobalSection(SolutionProperties) = preSolution
		HideSolutionNode = FALSE
	EndGlobalSection
	GlobalSection(ExtensibilityGlobals) = postSolution
		SolutionGuid = {EAF2D70C-099E-42B5-BA2C-BD90E5BB0C00}
	EndGlobalSection
EndGlobal
